{
  "name": "gainiit-admin",
  "version": "0.1.0",
  "lockfileVersion": 1,
  "requires": true,
  "dependencies": {
    "react-material-ui-calendar": {
      "version": "0.2.3",
      "resolved": "https://registry.npmjs.org/react-material-ui-calendar/-/react-material-ui-calendar-0.2.3.tgz",
      "integrity": "sha512-GSbVS3Vx+rgcsC2UZmQPw3FjFwU7w3rrls2drJMuqjQ0vxG8nXZ/I5CPUnrcighz1NcOoVA8r94kHffz05jjRg=="
    }
  }
}
